
Microsoft Visual Studio Solution File, Format Version 12.00
# Visual Studio Version 17
VisualStudioVersion = 17.4.33110.190
MinimumVisualStudioVersion = 10.0.40219.1
Project("{FAE04EC0-301F-11D3-BF4B-00C04F79EFBC}") = "catan-engine", "catan-engine\catan-engine.csproj", "{A889C767-266D-48AC-9188-F238896C116D}"
EndProject
Project("{FAE04EC0-301F-11D3-BF4B-00C04F79EFBC}") = "catan-lib", "catan-lib\catan-lib.csproj", "{11F7606D-AB58-4066-88FF-AB23351A6AC5}"
EndProject
Global
	GlobalSection(SolutionConfigurationPlatforms) = preSolution
		Debug|Any CPU = Debug|Any CPU
		Debug|x64 = Debug|x64
		Release|Any CPU = Release|Any CPU
		Release|x64 = Release|x64
	EndGlobalSection
	GlobalSection(ProjectConfigurationPlatforms) = postSolution
		{A889C767-266D-48AC-9188-F238896C116D}.Debug|Any CPU.ActiveCfg = Debug|Any CPU
		{A889C767-266D-48AC-9188-F238896C116D}.Debug|Any CPU.Build.0 = Debug|Any CPU
		{A889C767-266D-48AC-9188-F238896C116D}.Debug|x64.ActiveCfg = Debug|x64
		{A889C767-266D-48AC-9188-F238896C116D}.Debug|x64.Build.0 = Debug|x64
		{A889C767-266D-48AC-9188-F238896C116D}.Release|Any CPU.ActiveCfg = Release|Any CPU
		{A889C767-266D-48AC-9188-F238896C116D}.Release|Any CPU.Build.0 = Release|Any CPU
		{A889C767-266D-48AC-9188-F238896C116D}.Release|x64.ActiveCfg = Release|x64
		{A889C767-266D-48AC-9188-F238896C116D}.Release|x64.Build.0 = Release|x64
		{11F7606D-AB58-4066-88FF-AB23351A6AC5}.Debug|Any CPU.ActiveCfg = Debug|Any CPU
		{11F7606D-AB58-4066-88FF-AB23351A6AC5}.Debug|Any CPU.Build.0 = Debug|Any CPU
		{11F7606D-AB58-4066-88FF-AB23351A6AC5}.Debug|x64.ActiveCfg = Debug|x64
		{11F7606D-AB58-4066-88FF-AB23351A6AC5}.Debug|x64.Build.0 = Debug|x64
		{11F7606D-AB58-4066-88FF-AB23351A6AC5}.Release|Any CPU.ActiveCfg = Release|Any CPU
		{11F7606D-AB58-4066-88FF-AB23351A6AC5}.Release|Any CPU.Build.0 = Release|Any CPU
		{11F7606D-AB58-4066-88FF-AB23351A6AC5}.Release|x64.ActiveCfg = Release|x64
		{11F7606D-AB58-4066-88FF-AB23351A6AC5}.Release|x64.Build.0 = Release|x64
	EndGlobalSection
	GlobalSection(SolutionProperties) = preSolution
		HideSolutionNode = FALSE
	EndGlobalSection
	GlobalSection(ExtensibilityGlobals) = postSolution
		SolutionGuid = {2D3B72FD-6195-40A2-A3A0-CFAD0F84BAD1}
	EndGlobalSection
EndGlobal
